# THIS IS AN AUTOGENERATED FILE. DO NOT EDIT THIS FILE DIRECTLY.
# yarn lockfile v1


"@fancyapps/fancybox@^3.2.5":
  version "3.2.5"
  resolved "https://registry.yarnpkg.com/@fancyapps/fancybox/-/fancybox-3.2.5.tgz#c866f399bf3d2ef61d4103dfe9f297e74d3c3ff3"

angular-busy@^4.1.4:
  version "4.1.4"
  resolved "https://registry.yarnpkg.com/angular-busy/-/angular-busy-4.1.4.tgz#b4f1b333ec7ced31c207db5e3d77665375d18ea0"

angular-messages@^1.6.6:
  version "1.6.6"
  resolved "https://registry.yarnpkg.com/angular-messages/-/angular-messages-1.6.6.tgz#a9bb3fc5f971d745cd3a3bdbaabc6f1f4deb13f3"

angular-resource@^1.6.6:
  version "1.6.6"
  resolved "https://registry.yarnpkg.com/angular-resource/-/angular-resource-1.6.6.tgz#430660e969c3e7cf40c5e247e5e690f06d6efc61"

angular-toastr@^2.1.1:
  version "2.1.1"
  resolved "https://registry.yarnpkg.com/angular-toastr/-/angular-toastr-2.1.1.tgz#9f8350ca482145a44d011a755b8fb3623d60544c"

angular@^1.6.6:
  version "1.6.6"
  resolved "https://registry.yarnpkg.com/angular/-/angular-1.6.6.tgz#fd5a3cfb437ce382d854ee01120797978527cb64"

font-awesome@^4.7.0:
  version "4.7.0"
  resolved "https://registry.yarnpkg.com/font-awesome/-/font-awesome-4.7.0.tgz#8fa8cf0411a1a31afd07b06d2902bb9fc815a133"

jquery@^3.2.1:
  version "3.2.1"
  resolved "https://registry.yarnpkg.com/jquery/-/jquery-3.2.1.tgz#5c4d9de652af6cd0a770154a631bba12b015c787"

ng-focus-if@^1.0.7:
  version "1.0.7"
  resolved "https://registry.yarnpkg.com/ng-focus-if/-/ng-focus-if-1.0.7.tgz#79945fd4b6c97f329aec8fa7ca43ffa456e49bc7"
